
Microsoft Visual Studio Solution File, Format Version 12.00
# Visual Studio Version 17
VisualStudioVersion = 17.13.35931.197
MinimumVisualStudioVersion = 10.0.40219.1
Project("{FAE04EC0-301F-11D3-BF4B-00C04F79EFBC}") = "Restaurant_Management _System", "Restaurant_Management _System.csproj", "{5E414643-BC9D-43B0-B348-9AA2022B444F}"
EndProject
Global
	GlobalSection(SolutionConfigurationPlatforms) = preSolution
		Debug|Any CPU = Debug|Any CPU
		Release|Any CPU = Release|Any CPU
	EndGlobalSection
	GlobalSection(ProjectConfigurationPlatforms) = postSolution
		{5E414643-BC9D-43B0-B348-9AA2022B444F}.Debug|Any CPU.ActiveCfg = Debug|Any CPU
		{5E414643-BC9D-43B0-B348-9AA2022B444F}.Debug|Any CPU.Build.0 = Debug|Any CPU
		{5E414643-BC9D-43B0-B348-9AA2022B444F}.Release|Any CPU.ActiveCfg = Release|Any CPU
		{5E414643-BC9D-43B0-B348-9AA2022B444F}.Release|Any CPU.Build.0 = Release|Any CPU
	EndGlobalSection
	GlobalSection(SolutionProperties) = preSolution
		HideSolutionNode = FALSE
	EndGlobalSection
	GlobalSection(ExtensibilityGlobals) = postSolution
		SolutionGuid = {CE1FCFBC-4856-456F-B3E8-33ADD25BBA23}
	EndGlobalSection
EndGlobal
